
Microsoft Visual Studio Solution File, Format Version 12.00
# Visual Studio 15
VisualStudioVersion = 15.0.27705.2000
MinimumVisualStudioVersion = 10.0.40219.1
Project("{8BC9CEB8-8B4A-11D0-8D11-00A0C91BC942}") = "Septera.Native", "Septera.Native\Septera.Native.vcxproj", "{7F86FF0F-8D61-439B-BAE4-79456EA34053}"
EndProject
Project("{FAE04EC0-301F-11D3-BF4B-00C04F79EFBC}") = "Septera", "Septera\Septera.csproj", "{82CFC7CA-998C-4653-A4E5-9756C5BA85F9}"
EndProject
Global
	GlobalSection(SolutionConfigurationPlatforms) = preSolution
		Debug|x64 = Debug|x64
		Release|x64 = Release|x64
	EndGlobalSection
	GlobalSection(ProjectConfigurationPlatforms) = postSolution
		{7F86FF0F-8D61-439B-BAE4-79456EA34053}.Debug|x64.ActiveCfg = Debug|x64
		{7F86FF0F-8D61-439B-BAE4-79456EA34053}.Debug|x64.Build.0 = Debug|x64
		{7F86FF0F-8D61-439B-BAE4-79456EA34053}.Release|x64.ActiveCfg = Release|x64
		{7F86FF0F-8D61-439B-BAE4-79456EA34053}.Release|x64.Build.0 = Release|x64
		{82CFC7CA-998C-4653-A4E5-9756C5BA85F9}.Debug|x64.ActiveCfg = Debug|x64
		{82CFC7CA-998C-4653-A4E5-9756C5BA85F9}.Debug|x64.Build.0 = Debug|x64
		{82CFC7CA-998C-4653-A4E5-9756C5BA85F9}.Release|x64.ActiveCfg = Release|x64
		{82CFC7CA-998C-4653-A4E5-9756C5BA85F9}.Release|x64.Build.0 = Release|x64
	EndGlobalSection
	GlobalSection(SolutionProperties) = preSolution
		HideSolutionNode = FALSE
	EndGlobalSection
	GlobalSection(ExtensibilityGlobals) = postSolution
		SolutionGuid = {A7CC9EB5-0EE5-4D80-8A8E-FEB3AB3D3E84}
	EndGlobalSection
EndGlobal
